version = 1
revision = 3
requires-python = ">=3.14"

[[package]]
name = "ailang"
version = "0.1.0"
source = { virtual = "." }
dependencies = [
    { name = "antlr4-grun" },
    { name = "antlr4-python3-runtime" },
]

[package.metadata]
requires-dist = [
    { name = "antlr4-grun", specifier = ">=0.1.0" },
    { name = "antlr4-python3-runtime", specifier = "==4.13.2" },
]

[[package]]
name = "antlr4-grun"
version = "0.1.0"
source = { registry = "https://pypi.org/simple" }
dependencies = [
    { name = "antlr4-python3-runtime" },
    { name = "typer" },
]
sdist = { url = "https://files.pythonhosted.org/packages/3d/2d/cd1ce0fc661375f187ede23d738cdaf05c86c91d6cecd0cf7accb6758cb6/antlr4-grun-0.1.0.tar.gz", hash = "sha256:453803a5f0e34f53e3f9c3b49cbe5d46cf28701daf5b1059a73759a29ddf3873", size = 4162, upload-time = "2021-09-17T01:29:35.916Z" }
wheels = [
    { url = "https://files.pythonhosted.org/packages/98/7e/4a499cff9cd13f8539726fef09b17905109e301e69c2bd6ac8d27cd3a42d/antlr4_grun-0.1.0-py3-none-any.whl", hash = "sha256:5c7fa06b42a463c0589fda21aa488fd9293a212e750cb69fe20f24446db6c253", size = 4789, upload-time = "2021-09-17T01:29:37.034Z" },
]

[[package]]
name = "antlr4-python3-runtime"
version = "4.13.2"
source = { registry = "https://pypi.org/simple" }
sdist = { url = "https://files.pythonhosted.org/packages/33/5f/2cdf6f7aca3b20d3f316e9f505292e1f256a32089bd702034c29ebde6242/antlr4_python3_runtime-4.13.2.tar.gz", hash = "sha256:909b647e1d2fc2b70180ac586df3933e38919c85f98ccc656a96cd3f25ef3916", size = 117467, upload-time = "2024-08-03T19:00:12.757Z" }
wheels = [
    { url = "https://files.pythonhosted.org/packages/89/03/a851e84fcbb85214dc637b6378121ef9a0dd61b4c65264675d8a5c9b1ae7/antlr4_python3_runtime-4.13.2-py3-none-any.whl", hash = "sha256:fe3835eb8d33daece0e799090eda89719dbccee7aa39ef94eed3818cafa5a7e8", size = 144462, upload-time = "2024-08-03T19:00:11.134Z" },
]

[[package]]
name = "click"
version = "8.3.1"
source = { registry = "https://pypi.org/simple" }
dependencies = [
    { name = "colorama", marker = "sys_platform == 'win32'" },
]
sdist = { url = "https://files.pythonhosted.org/packages/3d/fa/656b739db8587d7b5dfa22e22ed02566950fbfbcdc20311993483657a5c0/click-8.3.1.tar.gz", hash = "sha256:12ff4785d337a1bb490bb7e9c2b1ee5da3112e94a8622f26a6c77f5d2fc6842a", size = 295065, upload-time = "2025-11-15T20:45:42.706Z" }
wheels = [
    { url = "https://files.pythonhosted.org/packages/98/78/01c019cdb5d6498122777c1a43056ebb3ebfeef2076d9d026bfe15583b2b/click-8.3.1-py3-none-any.whl", hash = "sha256:981153a64e25f12d547d3426c367a4857371575ee7ad18df2a6183ab0545b2a6", size = 108274, upload-time = "2025-11-15T20:45:41.139Z" },
]

[[package]]
name = "colorama"
version = "0.4.6"
source = { registry = "https://pypi.org/simple" }
sdist = { url = "https://files.pythonhosted.org/packages/d8/53/6f443c9a4a8358a93a6792e2acffb9d9d5cb0a5cfd8802644b7b1c9a02e4/colorama-0.4.6.tar.gz", hash = "sha256:08695f5cb7ed6e0531a20572697297273c47b8cae5a63ffc6d6ed5c201be6e44", size = 27697, upload-time = "2022-10-25T02:36:22.414Z" }
wheels = [
    { url = "https://files.pythonhosted.org/packages/d1/d6/3965ed04c63042e047cb6a3e6ed1a63a35087b6a609aa3a15ed8ac56c221/colorama-0.4.6-py2.py3-none-any.whl", hash = "sha256:4f1d9991f5acc0ca119f9d443620b77f9d6b33703e51011c16baf57afb285fc6", size = 25335, upload-time = "2022-10-25T02:36:20.889Z" },
]

[[package]]
name = "typer"
version = "0.4.2"
source = { registry = "https://pypi.org/simple" }
dependencies = [
    { name = "click" },
]
sdist = { url = "https://files.pythonhosted.org/packages/fb/9e/8ae5ef480622282fc98507c0226e95de0accdf5e98ab7f57a5c8ba054339/typer-0.4.2.tar.gz", hash = "sha256:b8261c6c0152dd73478b5ba96ba677e5d6948c715c310f7c91079f311f62ec03", size = 223132, upload-time = "2022-07-02T18:05:28.861Z" }
wheels = [
    { url = "https://files.pythonhosted.org/packages/9d/ea/b565bc44a1af5278ef2ff9d571cdb4f4bc31fd450b0630441c93401c243c/typer-0.4.2-py3-none-any.whl", hash = "sha256:023bae00d1baf358a6cc7cea45851639360bb716de687b42b0a4641cd99173f1", size = 27955, upload-time = "2022-07-02T18:05:26.022Z" },
]
